
Microsoft Visual Studio Solution File, Format Version 12.00
# Visual Studio Version 17
VisualStudioVersion = 17.8.34525.116
MinimumVisualStudioVersion = 10.0.40219.1
Project("{8BC9CEB8-8B4A-11D0-8D11-00A0C91BC942}") = "Datacollection", "Datacollection\Datacollection.vcxproj", "{B8912A0A-A784-4AF0-A3B7-C2D77A7AB2AE}"
EndProject
Global
	GlobalSection(SolutionConfigurationPlatforms) = preSolution
		Debug|x64 = Debug|x64
		Debug|x86 = Debug|x86
		Release|x64 = Release|x64
		Release|x86 = Release|x86
	EndGlobalSection
	GlobalSection(ProjectConfigurationPlatforms) = postSolution
		{B8912A0A-A784-4AF0-A3B7-C2D77A7AB2AE}.Debug|x64.ActiveCfg = Debug|x64
		{B8912A0A-A784-4AF0-A3B7-C2D77A7AB2AE}.Debug|x64.Build.0 = Debug|x64
		{B8912A0A-A784-4AF0-A3B7-C2D77A7AB2AE}.Debug|x86.ActiveCfg = Debug|Win32
		{B8912A0A-A784-4AF0-A3B7-C2D77A7AB2AE}.Debug|x86.Build.0 = Debug|Win32
		{B8912A0A-A784-4AF0-A3B7-C2D77A7AB2AE}.Release|x64.ActiveCfg = Release|x64
		{B8912A0A-A784-4AF0-A3B7-C2D77A7AB2AE}.Release|x64.Build.0 = Release|x64
		{B8912A0A-A784-4AF0-A3B7-C2D77A7AB2AE}.Release|x86.ActiveCfg = Release|Win32
		{B8912A0A-A784-4AF0-A3B7-C2D77A7AB2AE}.Release|x86.Build.0 = Release|Win32
	EndGlobalSection
	GlobalSection(SolutionProperties) = preSolution
		HideSolutionNode = FALSE
	EndGlobalSection
	GlobalSection(ExtensibilityGlobals) = postSolution
		SolutionGuid = {87D2B316-75F9-4073-81C0-A13FF9F8DB4F}
	EndGlobalSection
EndGlobal
